
Microsoft Visual Studio Solution File, Format Version 12.00
# Visual Studio Version 16
VisualStudioVersion = 16.0.30114.105
MinimumVisualStudioVersion = 10.0.40219.1
Project("{2150E333-8FDC-42A3-9474-1A3956D46DE8}") = "src", "src", "{285355A7-DBC0-498C-8E6C-AA7207F15547}"
EndProject
Project("{2150E333-8FDC-42A3-9474-1A3956D46DE8}") = "__tests__", "__tests__", "{2D6D5228-100C-4EB8-9BDE-63DE6105C92C}"
EndProject
Project("{9A19103F-16F7-4668-BE54-9A1E7A4F7556}") = "HexaEmployee.Api", "src\HexaEmployee.Api\HexaEmployee.Api.csproj", "{08D04F4B-5B7E-4FAA-9415-797678E436B1}"
EndProject
Project("{9A19103F-16F7-4668-BE54-9A1E7A4F7556}") = "HexaEmployee.Domain", "src\HexaEmployee.Domain\HexaEmployee.Domain.csproj", "{7BE22A70-6AF5-4634-9C97-26F2C77D6257}"
EndProject
Project("{9A19103F-16F7-4668-BE54-9A1E7A4F7556}") = "HexaEmployee.IoC", "src\HexaEmployee.IoC\HexaEmployee.IoC.csproj", "{6B832B49-4FCB-4ED2-866E-DA9B2B04CE28}"
EndProject
Project("{9A19103F-16F7-4668-BE54-9A1E7A4F7556}") = "HexaEmployee.Shared", "src\HexaEmployee.Shared\HexaEmployee.Shared.csproj", "{6FFF4877-8E74-44FC-9ECE-4EE108BF8E5D}"
EndProject
Project("{9A19103F-16F7-4668-BE54-9A1E7A4F7556}") = "HexaEmployee.WarmUp", "src\HexaEmployee.WarmUp\HexaEmployee.WarmUp.csproj", "{D6E709EB-690D-4EEE-9A1F-AA5B8AA104DD}"
EndProject
Project("{9A19103F-16F7-4668-BE54-9A1E7A4F7556}") = "HexaEmployee.Api.Tests", "__tests__\HexaEmployee.Api.Tests\HexaEmployee.Api.Tests.csproj", "{A3B1A9B0-104B-416F-AC19-DEF30A6E8AEB}"
EndProject
Project("{9A19103F-16F7-4668-BE54-9A1E7A4F7556}") = "HexaEmployee.Domain.Tests", "__tests__\HexaEmployee.Domain.Tests\HexaEmployee.Domain.Tests.csproj", "{7B599B51-0410-4BC0-9A9F-5D4FBF5C54C0}"
EndProject
Project("{9A19103F-16F7-4668-BE54-9A1E7A4F7556}") = "HexaEmployee.Shared.Tests", "__tests__\HexaEmployee.Shared.Tests\HexaEmployee.Shared.Tests.csproj", "{16BE8B34-1A15-4E64-8334-CA7B8B9E6A38}"
EndProject
Project("{2150E333-8FDC-42A3-9474-1A3956D46DE8}") = "Solution Items", "Solution Items", "{41589568-DC23-4365-B08E-C0727EEF5EA2}"
	ProjectSection(SolutionItems) = preProject
		.editorconfig = .editorconfig
		stylecop.json = stylecop.json
	EndProjectSection
EndProject
Project("{FAE04EC0-301F-11D3-BF4B-00C04F79EFBC}") = "HexaEmployee.WarmUp.Tests", "__tests__\HexaEmployee.WarmUp.Tests\HexaEmployee.WarmUp.Tests.csproj", "{BBF4821F-9135-4A7B-A5D5-6F323E0355DC}"
EndProject
Project("{FAE04EC0-301F-11D3-BF4B-00C04F79EFBC}") = "HexaEmployee.EfInfraData", "src\HexaEmployee.EfInfraData\HexaEmployee.EfInfraData.csproj", "{491B3C6C-E94B-4E06-97C1-9793BAF882A0}"
EndProject
Project("{FAE04EC0-301F-11D3-BF4B-00C04F79EFBC}") = "HexaEmployee.EfInfraData.Tests", "__tests__\HexaEmployee.EfInfraData.Tests\HexaEmployee.EfInfraData.Tests.csproj", "{ECB9A2C8-7FAF-446A-AD81-8ABFA8C9417B}"
EndProject
Global
	GlobalSection(SolutionConfigurationPlatforms) = preSolution
		Debug|Any CPU = Debug|Any CPU
		Debug|x64 = Debug|x64
		Debug|x86 = Debug|x86
		Release|Any CPU = Release|Any CPU
		Release|x64 = Release|x64
		Release|x86 = Release|x86
	EndGlobalSection
	GlobalSection(ProjectConfigurationPlatforms) = postSolution
		{08D04F4B-5B7E-4FAA-9415-797678E436B1}.Debug|Any CPU.ActiveCfg = Debug|Any CPU
		{08D04F4B-5B7E-4FAA-9415-797678E436B1}.Debug|Any CPU.Build.0 = Debug|Any CPU
		{08D04F4B-5B7E-4FAA-9415-797678E436B1}.Debug|x64.ActiveCfg = Debug|Any CPU
		{08D04F4B-5B7E-4FAA-9415-797678E436B1}.Debug|x64.Build.0 = Debug|Any CPU
		{08D04F4B-5B7E-4FAA-9415-797678E436B1}.Debug|x86.ActiveCfg = Debug|Any CPU
		{08D04F4B-5B7E-4FAA-9415-797678E436B1}.Debug|x86.Build.0 = Debug|Any CPU
		{08D04F4B-5B7E-4FAA-9415-797678E436B1}.Release|Any CPU.ActiveCfg = Release|Any CPU
		{08D04F4B-5B7E-4FAA-9415-797678E436B1}.Release|Any CPU.Build.0 = Release|Any CPU
		{08D04F4B-5B7E-4FAA-9415-797678E436B1}.Release|x64.ActiveCfg = Release|Any CPU
		{08D04F4B-5B7E-4FAA-9415-797678E436B1}.Release|x64.Build.0 = Release|Any CPU
		{08D04F4B-5B7E-4FAA-9415-797678E436B1}.Release|x86.ActiveCfg = Release|Any CPU
		{08D04F4B-5B7E-4FAA-9415-797678E436B1}.Release|x86.Build.0 = Release|Any CPU
		{7BE22A70-6AF5-4634-9C97-26F2C77D6257}.Debug|Any CPU.ActiveCfg = Debug|Any CPU
		{7BE22A70-6AF5-4634-9C97-26F2C77D6257}.Debug|Any CPU.Build.0 = Debug|Any CPU
		{7BE22A70-6AF5-4634-9C97-26F2C77D6257}.Debug|x64.ActiveCfg = Debug|Any CPU
		{7BE22A70-6AF5-4634-9C97-26F2C77D6257}.Debug|x64.Build.0 = Debug|Any CPU
		{7BE22A70-6AF5-4634-9C97-26F2C77D6257}.Debug|x86.ActiveCfg = Debug|Any CPU
		{7BE22A70-6AF5-4634-9C97-26F2C77D6257}.Debug|x86.Build.0 = Debug|Any CPU
		{7BE22A70-6AF5-4634-9C97-26F2C77D6257}.Release|Any CPU.ActiveCfg = Release|Any CPU
		{7BE22A70-6AF5-4634-9C97-26F2C77D6257}.Release|Any CPU.Build.0 = Release|Any CPU
		{7BE22A70-6AF5-4634-9C97-26F2C77D6257}.Release|x64.ActiveCfg = Release|Any CPU
		{7BE22A70-6AF5-4634-9C97-26F2C77D6257}.Release|x64.Build.0 = Release|Any CPU
		{7BE22A70-6AF5-4634-9C97-26F2C77D6257}.Release|x86.ActiveCfg = Release|Any CPU
		{7BE22A70-6AF5-4634-9C97-26F2C77D6257}.Release|x86.Build.0 = Release|Any CPU
		{6B832B49-4FCB-4ED2-866E-DA9B2B04CE28}.Debug|Any CPU.ActiveCfg = Debug|Any CPU
		{6B832B49-4FCB-4ED2-866E-DA9B2B04CE28}.Debug|Any CPU.Build.0 = Debug|Any CPU
		{6B832B49-4FCB-4ED2-866E-DA9B2B04CE28}.Debug|x64.ActiveCfg = Debug|Any CPU
		{6B832B49-4FCB-4ED2-866E-DA9B2B04CE28}.Debug|x64.Build.0 = Debug|Any CPU
		{6B832B49-4FCB-4ED2-866E-DA9B2B04CE28}.Debug|x86.ActiveCfg = Debug|Any CPU
		{6B832B49-4FCB-4ED2-866E-DA9B2B04CE28}.Debug|x86.Build.0 = Debug|Any CPU
		{6B832B49-4FCB-4ED2-866E-DA9B2B04CE28}.Release|Any CPU.ActiveCfg = Release|Any CPU
		{6B832B49-4FCB-4ED2-866E-DA9B2B04CE28}.Release|Any CPU.Build.0 = Release|Any CPU
		{6B832B49-4FCB-4ED2-866E-DA9B2B04CE28}.Release|x64.ActiveCfg = Release|Any CPU
		{6B832B49-4FCB-4ED2-866E-DA9B2B04CE28}.Release|x64.Build.0 = Release|Any CPU
		{6B832B49-4FCB-4ED2-866E-DA9B2B04CE28}.Release|x86.ActiveCfg = Release|Any CPU
		{6B832B49-4FCB-4ED2-866E-DA9B2B04CE28}.Release|x86.Build.0 = Release|Any CPU
		{6FFF4877-8E74-44FC-9ECE-4EE108BF8E5D}.Debug|Any CPU.ActiveCfg = Debug|Any CPU
		{6FFF4877-8E74-44FC-9ECE-4EE108BF8E5D}.Debug|Any CPU.Build.0 = Debug|Any CPU
		{6FFF4877-8E74-44FC-9ECE-4EE108BF8E5D}.Debug|x64.ActiveCfg = Debug|Any CPU
		{6FFF4877-8E74-44FC-9ECE-4EE108BF8E5D}.Debug|x64.Build.0 = Debug|Any CPU
		{6FFF4877-8E74-44FC-9ECE-4EE108BF8E5D}.Debug|x86.ActiveCfg = Debug|Any CPU
		{6FFF4877-8E74-44FC-9ECE-4EE108BF8E5D}.Debug|x86.Build.0 = Debug|Any CPU
		{6FFF4877-8E74-44FC-9ECE-4EE108BF8E5D}.Release|Any CPU.ActiveCfg = Release|Any CPU
		{6FFF4877-8E74-44FC-9ECE-4EE108BF8E5D}.Release|Any CPU.Build.0 = Release|Any CPU
		{6FFF4877-8E74-44FC-9ECE-4EE108BF8E5D}.Release|x64.ActiveCfg = Release|Any CPU
		{6FFF4877-8E74-44FC-9ECE-4EE108BF8E5D}.Release|x64.Build.0 = Release|Any CPU
		{6FFF4877-8E74-44FC-9ECE-4EE108BF8E5D}.Release|x86.ActiveCfg = Release|Any CPU
		{6FFF4877-8E74-44FC-9ECE-4EE108BF8E5D}.Release|x86.Build.0 = Release|Any CPU
		{D6E709EB-690D-4EEE-9A1F-AA5B8AA104DD}.Debug|Any CPU.ActiveCfg = Debug|Any CPU
		{D6E709EB-690D-4EEE-9A1F-AA5B8AA104DD}.Debug|Any CPU.Build.0 = Debug|Any CPU
		{D6E709EB-690D-4EEE-9A1F-AA5B8AA104DD}.Debug|x64.ActiveCfg = Debug|Any CPU
		{D6E709EB-690D-4EEE-9A1F-AA5B8AA104DD}.Debug|x64.Build.0 = Debug|Any CPU
		{D6E709EB-690D-4EEE-9A1F-AA5B8AA104DD}.Debug|x86.ActiveCfg = Debug|Any CPU
		{D6E709EB-690D-4EEE-9A1F-AA5B8AA104DD}.Debug|x86.Build.0 = Debug|Any CPU
		{D6E709EB-690D-4EEE-9A1F-AA5B8AA104DD}.Release|Any CPU.ActiveCfg = Release|Any CPU
		{D6E709EB-690D-4EEE-9A1F-AA5B8AA104DD}.Release|Any CPU.Build.0 = Release|Any CPU
		{D6E709EB-690D-4EEE-9A1F-AA5B8AA104DD}.Release|x64.ActiveCfg = Release|Any CPU
		{D6E709EB-690D-4EEE-9A1F-AA5B8AA104DD}.Release|x64.Build.0 = Release|Any CPU
		{D6E709EB-690D-4EEE-9A1F-AA5B8AA104DD}.Release|x86.ActiveCfg = Release|Any CPU
		{D6E709EB-690D-4EEE-9A1F-AA5B8AA104DD}.Release|x86.Build.0 = Release|Any CPU
		{A3B1A9B0-104B-416F-AC19-DEF30A6E8AEB}.Debug|Any CPU.ActiveCfg = Debug|Any CPU
		{A3B1A9B0-104B-416F-AC19-DEF30A6E8AEB}.Debug|Any CPU.Build.0 = Debug|Any CPU
		{A3B1A9B0-104B-416F-AC19-DEF30A6E8AEB}.Debug|x64.ActiveCfg = Debug|Any CPU
		{A3B1A9B0-104B-416F-AC19-DEF30A6E8AEB}.Debug|x64.Build.0 = Debug|Any CPU
		{A3B1A9B0-104B-416F-AC19-DEF30A6E8AEB}.Debug|x86.ActiveCfg = Debug|Any CPU
		{A3B1A9B0-104B-416F-AC19-DEF30A6E8AEB}.Debug|x86.Build.0 = Debug|Any CPU
		{A3B1A9B0-104B-416F-AC19-DEF30A6E8AEB}.Release|Any CPU.ActiveCfg = Release|Any CPU
		{A3B1A9B0-104B-416F-AC19-DEF30A6E8AEB}.Release|Any CPU.Build.0 = Release|Any CPU
		{A3B1A9B0-104B-416F-AC19-DEF30A6E8AEB}.Release|x64.ActiveCfg = Release|Any CPU
		{A3B1A9B0-104B-416F-AC19-DEF30A6E8AEB}.Release|x64.Build.0 = Release|Any CPU
		{A3B1A9B0-104B-416F-AC19-DEF30A6E8AEB}.Release|x86.ActiveCfg = Release|Any CPU
		{A3B1A9B0-104B-416F-AC19-DEF30A6E8AEB}.Release|x86.Build.0 = Release|Any CPU
		{7B599B51-0410-4BC0-9A9F-5D4FBF5C54C0}.Debug|Any CPU.ActiveCfg = Debug|Any CPU
		{7B599B51-0410-4BC0-9A9F-5D4FBF5C54C0}.Debug|Any CPU.Build.0 = Debug|Any CPU
		{7B599B51-0410-4BC0-9A9F-5D4FBF5C54C0}.Debug|x64.ActiveCfg = Debug|Any CPU
		{7B599B51-0410-4BC0-9A9F-5D4FBF5C54C0}.Debug|x64.Build.0 = Debug|Any CPU
		{7B599B51-0410-4BC0-9A9F-5D4FBF5C54C0}.Debug|x86.ActiveCfg = Debug|Any CPU
		{7B599B51-0410-4BC0-9A9F-5D4FBF5C54C0}.Debug|x86.Build.0 = Debug|Any CPU
		{7B599B51-0410-4BC0-9A9F-5D4FBF5C54C0}.Release|Any CPU.ActiveCfg = Release|Any CPU
		{7B599B51-0410-4BC0-9A9F-5D4FBF5C54C0}.Release|Any CPU.Build.0 = Release|Any CPU
		{7B599B51-0410-4BC0-9A9F-5D4FBF5C54C0}.Release|x64.ActiveCfg = Release|Any CPU
		{7B599B51-0410-4BC0-9A9F-5D4FBF5C54C0}.Release|x64.Build.0 = Release|Any CPU
		{7B599B51-0410-4BC0-9A9F-5D4FBF5C54C0}.Release|x86.ActiveCfg = Release|Any CPU
		{7B599B51-0410-4BC0-9A9F-5D4FBF5C54C0}.Release|x86.Build.0 = Release|Any CPU
		{16BE8B34-1A15-4E64-8334-CA7B8B9E6A38}.Debug|Any CPU.ActiveCfg = Debug|Any CPU
		{16BE8B34-1A15-4E64-8334-CA7B8B9E6A38}.Debug|Any CPU.Build.0 = Debug|Any CPU
		{16BE8B34-1A15-4E64-8334-CA7B8B9E6A38}.Debug|x64.ActiveCfg = Debug|Any CPU
		{16BE8B34-1A15-4E64-8334-CA7B8B9E6A38}.Debug|x64.Build.0 = Debug|Any CPU
		{16BE8B34-1A15-4E64-8334-CA7B8B9E6A38}.Debug|x86.ActiveCfg = Debug|Any CPU
		{16BE8B34-1A15-4E64-8334-CA7B8B9E6A38}.Debug|x86.Build.0 = Debug|Any CPU
		{16BE8B34-1A15-4E64-8334-CA7B8B9E6A38}.Release|Any CPU.ActiveCfg = Release|Any CPU
		{16BE8B34-1A15-4E64-8334-CA7B8B9E6A38}.Release|Any CPU.Build.0 = Release|Any CPU
		{16BE8B34-1A15-4E64-8334-CA7B8B9E6A38}.Release|x64.ActiveCfg = Release|Any CPU
		{16BE8B34-1A15-4E64-8334-CA7B8B9E6A38}.Release|x64.Build.0 = Release|Any CPU
		{16BE8B34-1A15-4E64-8334-CA7B8B9E6A38}.Release|x86.ActiveCfg = Release|Any CPU
		{16BE8B34-1A15-4E64-8334-CA7B8B9E6A38}.Release|x86.Build.0 = Release|Any CPU
		{BBF4821F-9135-4A7B-A5D5-6F323E0355DC}.Debug|Any CPU.ActiveCfg = Debug|Any CPU
		{BBF4821F-9135-4A7B-A5D5-6F323E0355DC}.Debug|Any CPU.Build.0 = Debug|Any CPU
		{BBF4821F-9135-4A7B-A5D5-6F323E0355DC}.Debug|x64.ActiveCfg = Debug|Any CPU
		{BBF4821F-9135-4A7B-A5D5-6F323E0355DC}.Debug|x64.Build.0 = Debug|Any CPU
		{BBF4821F-9135-4A7B-A5D5-6F323E0355DC}.Debug|x86.ActiveCfg = Debug|Any CPU
		{BBF4821F-9135-4A7B-A5D5-6F323E0355DC}.Debug|x86.Build.0 = Debug|Any CPU
		{BBF4821F-9135-4A7B-A5D5-6F323E0355DC}.Release|Any CPU.ActiveCfg = Release|Any CPU
		{BBF4821F-9135-4A7B-A5D5-6F323E0355DC}.Release|Any CPU.Build.0 = Release|Any CPU
		{BBF4821F-9135-4A7B-A5D5-6F323E0355DC}.Release|x64.ActiveCfg = Release|Any CPU
		{BBF4821F-9135-4A7B-A5D5-6F323E0355DC}.Release|x64.Build.0 = Release|Any CPU
		{BBF4821F-9135-4A7B-A5D5-6F323E0355DC}.Release|x86.ActiveCfg = Release|Any CPU
		{BBF4821F-9135-4A7B-A5D5-6F323E0355DC}.Release|x86.Build.0 = Release|Any CPU
		{491B3C6C-E94B-4E06-97C1-9793BAF882A0}.Debug|Any CPU.ActiveCfg = Debug|Any CPU
		{491B3C6C-E94B-4E06-97C1-9793BAF882A0}.Debug|Any CPU.Build.0 = Debug|Any CPU
		{491B3C6C-E94B-4E06-97C1-9793BAF882A0}.Debug|x64.ActiveCfg = Debug|Any CPU
		{491B3C6C-E94B-4E06-97C1-9793BAF882A0}.Debug|x64.Build.0 = Debug|Any CPU
		{491B3C6C-E94B-4E06-97C1-9793BAF882A0}.Debug|x86.ActiveCfg = Debug|Any CPU
		{491B3C6C-E94B-4E06-97C1-9793BAF882A0}.Debug|x86.Build.0 = Debug|Any CPU
		{491B3C6C-E94B-4E06-97C1-9793BAF882A0}.Release|Any CPU.ActiveCfg = Release|Any CPU
		{491B3C6C-E94B-4E06-97C1-9793BAF882A0}.Release|Any CPU.Build.0 = Release|Any CPU
		{491B3C6C-E94B-4E06-97C1-9793BAF882A0}.Release|x64.ActiveCfg = Release|Any CPU
		{491B3C6C-E94B-4E06-97C1-9793BAF882A0}.Release|x64.Build.0 = Release|Any CPU
		{491B3C6C-E94B-4E06-97C1-9793BAF882A0}.Release|x86.ActiveCfg = Release|Any CPU
		{491B3C6C-E94B-4E06-97C1-9793BAF882A0}.Release|x86.Build.0 = Release|Any CPU
		{ECB9A2C8-7FAF-446A-AD81-8ABFA8C9417B}.Debug|Any CPU.ActiveCfg = Debug|Any CPU
		{ECB9A2C8-7FAF-446A-AD81-8ABFA8C9417B}.Debug|Any CPU.Build.0 = Debug|Any CPU
		{ECB9A2C8-7FAF-446A-AD81-8ABFA8C9417B}.Debug|x64.ActiveCfg = Debug|Any CPU
		{ECB9A2C8-7FAF-446A-AD81-8ABFA8C9417B}.Debug|x64.Build.0 = Debug|Any CPU
		{ECB9A2C8-7FAF-446A-AD81-8ABFA8C9417B}.Debug|x86.ActiveCfg = Debug|Any CPU
		{ECB9A2C8-7FAF-446A-AD81-8ABFA8C9417B}.Debug|x86.Build.0 = Debug|Any CPU
		{ECB9A2C8-7FAF-446A-AD81-8ABFA8C9417B}.Release|Any CPU.ActiveCfg = Release|Any CPU
		{ECB9A2C8-7FAF-446A-AD81-8ABFA8C9417B}.Release|Any CPU.Build.0 = Release|Any CPU
		{ECB9A2C8-7FAF-446A-AD81-8ABFA8C9417B}.Release|x64.ActiveCfg = Release|Any CPU
		{ECB9A2C8-7FAF-446A-AD81-8ABFA8C9417B}.Release|x64.Build.0 = Release|Any CPU
		{ECB9A2C8-7FAF-446A-AD81-8ABFA8C9417B}.Release|x86.ActiveCfg = Release|Any CPU
		{ECB9A2C8-7FAF-446A-AD81-8ABFA8C9417B}.Release|x86.Build.0 = Release|Any CPU
	EndGlobalSection
	GlobalSection(SolutionProperties) = preSolution
		HideSolutionNode = FALSE
	EndGlobalSection
	GlobalSection(NestedProjects) = preSolution
		{08D04F4B-5B7E-4FAA-9415-797678E436B1} = {285355A7-DBC0-498C-8E6C-AA7207F15547}
		{7BE22A70-6AF5-4634-9C97-26F2C77D6257} = {285355A7-DBC0-498C-8E6C-AA7207F15547}
		{6B832B49-4FCB-4ED2-866E-DA9B2B04CE28} = {285355A7-DBC0-498C-8E6C-AA7207F15547}
		{6FFF4877-8E74-44FC-9ECE-4EE108BF8E5D} = {285355A7-DBC0-498C-8E6C-AA7207F15547}
		{D6E709EB-690D-4EEE-9A1F-AA5B8AA104DD} = {285355A7-DBC0-498C-8E6C-AA7207F15547}
		{A3B1A9B0-104B-416F-AC19-DEF30A6E8AEB} = {2D6D5228-100C-4EB8-9BDE-63DE6105C92C}
		{7B599B51-0410-4BC0-9A9F-5D4FBF5C54C0} = {2D6D5228-100C-4EB8-9BDE-63DE6105C92C}
		{16BE8B34-1A15-4E64-8334-CA7B8B9E6A38} = {2D6D5228-100C-4EB8-9BDE-63DE6105C92C}
		{BBF4821F-9135-4A7B-A5D5-6F323E0355DC} = {2D6D5228-100C-4EB8-9BDE-63DE6105C92C}
		{491B3C6C-E94B-4E06-97C1-9793BAF882A0} = {285355A7-DBC0-498C-8E6C-AA7207F15547}
		{ECB9A2C8-7FAF-446A-AD81-8ABFA8C9417B} = {2D6D5228-100C-4EB8-9BDE-63DE6105C92C}
	EndGlobalSection
	GlobalSection(ExtensibilityGlobals) = postSolution
		SolutionGuid = {0D71DEA1-8F3F-41A0-BEBE-13C34E3526E2}
	EndGlobalSection
EndGlobal
